
Microsoft Visual Studio Solution File, Format Version 12.00
# Visual Studio Version 17
VisualStudioVersion = 17.13.35931.197 d17.13
MinimumVisualStudioVersion = 10.0.40219.1
Project("{FAE04EC0-301F-11D3-BF4B-00C04F79EFBC}") = "MauiAppLogin", "MauiAppLogin\MauiAppLogin.csproj", "{CF95FD2A-C5C9-4F60-9441-3F6FE5CCF55A}"
EndProject
Global
	GlobalSection(SolutionConfigurationPlatforms) = preSolution
		Debug|Any CPU = Debug|Any CPU
		Release|Any CPU = Release|Any CPU
	EndGlobalSection
	GlobalSection(ProjectConfigurationPlatforms) = postSolution
		{CF95FD2A-C5C9-4F60-9441-3F6FE5CCF55A}.Debug|Any CPU.ActiveCfg = Debug|Any CPU
		{CF95FD2A-C5C9-4F60-9441-3F6FE5CCF55A}.Debug|Any CPU.Build.0 = Debug|Any CPU
		{CF95FD2A-C5C9-4F60-9441-3F6FE5CCF55A}.Release|Any CPU.ActiveCfg = Release|Any CPU
		{CF95FD2A-C5C9-4F60-9441-3F6FE5CCF55A}.Release|Any CPU.Build.0 = Release|Any CPU
	EndGlobalSection
	GlobalSection(SolutionProperties) = preSolution
		HideSolutionNode = FALSE
	EndGlobalSection
	GlobalSection(ExtensibilityGlobals) = postSolution
		SolutionGuid = {0417F3B0-6193-4DA1-91F0-877C91EDFBF9}
	EndGlobalSection
EndGlobal
